
Microsoft Visual Studio Solution File, Format Version 12.00
# Visual Studio 15
VisualStudioVersion = 15.0.28010.0
MinimumVisualStudioVersion = 10.0.40219.1
Project("{FAE04EC0-301F-11D3-BF4B-00C04F79EFBC}") = "TimerChallenge", "TimerChallenge\TimerChallenge.csproj", "{53D45A6B-2C6B-4D8E-ACEC-82547760597A}"
EndProject
Global
	GlobalSection(SolutionConfigurationPlatforms) = preSolution
		Debug|Any CPU = Debug|Any CPU
		Release|Any CPU = Release|Any CPU
	EndGlobalSection
	GlobalSection(ProjectConfigurationPlatforms) = postSolution
		{53D45A6B-2C6B-4D8E-ACEC-82547760597A}.Debug|Any CPU.ActiveCfg = Debug|Any CPU
		{53D45A6B-2C6B-4D8E-ACEC-82547760597A}.Debug|Any CPU.Build.0 = Debug|Any CPU
		{53D45A6B-2C6B-4D8E-ACEC-82547760597A}.Release|Any CPU.ActiveCfg = Release|Any CPU
		{53D45A6B-2C6B-4D8E-ACEC-82547760597A}.Release|Any CPU.Build.0 = Release|Any CPU
	EndGlobalSection
	GlobalSection(SolutionProperties) = preSolution
		HideSolutionNode = FALSE
	EndGlobalSection
	GlobalSection(ExtensibilityGlobals) = postSolution
		SolutionGuid = {F3EB3C08-B0D2-41E6-9E17-1A02EFBDEE07}
	EndGlobalSection
EndGlobal
